// !$*UTF8*$!
{
	archiveVersion = 1;
	classes = {
	};
	objectVersion = 46;
	objects = {

/* Begin PBXBuildFile section */
		D83359D31F3A52E800F1CC83 /* SearchableRecord.swift in Sources */ = {isa = PBXBuildFile; fileRef = D83359D21F3A52E800F1CC83 /* SearchableRecord.swift */; };
		D86B15FE1F39094700B96835 /* AppDelegate.swift in Sources */ = {isa = PBXBuildFile; fileRef = D86B15FD1F39094700B96835 /* AppDelegate.swift */; };
		D86B16031F39094700B96835 /* Main.storyboard in Resources */ = {isa = PBXBuildFile; fileRef = D86B16011F39094700B96835 /* Main.storyboard */; };
		D86B16051F39094700B96835 /* Assets.xcassets in Resources */ = {isa = PBXBuildFile; fileRef = D86B16041F39094700B96835 /* Assets.xcassets */; };
		D86B16081F39094700B96835 /* LaunchScreen.storyboard in Resources */ = {isa = PBXBuildFile; fileRef = D86B16061F39094700B96835 /* LaunchScreen.storyboard */; };
		D86B16111F390ABF00B96835 /* PostListTableViewController.swift in Sources */ = {isa = PBXBuildFile; fileRef = D86B16101F390ABF00B96835 /* PostListTableViewController.swift */; };
		D86B16141F390B7100B96835 /* PostDetailTableViewController.swift in Sources */ = {isa = PBXBuildFile; fileRef = D86B16131F390B7100B96835 /* PostDetailTableViewController.swift */; };
		D86B16161F390C1500B96835 /* AddPostTableViewController.swift in Sources */ = {isa = PBXBuildFile; fileRef = D86B16151F390C1500B96835 /* AddPostTableViewController.swift */; };
		D86B16181F390C6100B96835 /* SearchResultsTableViewController.swift in Sources */ = {isa = PBXBuildFile; fileRef = D86B16171F390C6100B96835 /* SearchResultsTableViewController.swift */; };
		D86B161A1F390E8E00B96835 /* Post.swift in Sources */ = {isa = PBXBuildFile; fileRef = D86B16191F390E8E00B96835 /* Post.swift */; };
		D86B161C1F39103000B96835 /* Comment.swift in Sources */ = {isa = PBXBuildFile; fileRef = D86B161B1F39103000B96835 /* Comment.swift */; };
		D86B161E1F39118500B96835 /* PostController.swift in Sources */ = {isa = PBXBuildFile; fileRef = D86B161D1F39118500B96835 /* PostController.swift */; };
		D86B16211F391B1D00B96835 /* PostTableViewCell.swift in Sources */ = {isa = PBXBuildFile; fileRef = D86B16201F391B1D00B96835 /* PostTableViewCell.swift */; };
		D88943271F3AAF0300534896 /* PhotoSelectViewController.swift in Sources */ = {isa = PBXBuildFile; fileRef = D88943261F3AAF0300534896 /* PhotoSelectViewController.swift */; };
/* End PBXBuildFile section */

/* Begin PBXFileReference section */
		D83359D21F3A52E800F1CC83 /* SearchableRecord.swift */ = {isa = PBXFileReference; fileEncoding = 4; lastKnownFileType = sourcecode.swift; path = SearchableRecord.swift; sourceTree = "<group>"; };
		D86B15FA1F39094700B96835 /* Timeline.app */ = {isa = PBXFileReference; explicitFileType = wrapper.application; includeInIndex = 0; path = Timeline.app; sourceTree = BUILT_PRODUCTS_DIR; };
		D86B15FD1F39094700B96835 /* AppDelegate.swift */ = {isa = PBXFileReference; lastKnownFileType = sourcecode.swift; path = AppDelegate.swift; sourceTree = "<group>"; };
		D86B16021F39094700B96835 /* Base */ = {isa = PBXFileReference; lastKnownFileType = file.storyboard; name = Base; path = Base.lproj/Main.storyboard; sourceTree = "<group>"; };
		D86B16041F39094700B96835 /* Assets.xcassets */ = {isa = PBXFileReference; lastKnownFileType = folder.assetcatalog; path = Assets.xcassets; sourceTree = "<group>"; };
		D86B16071F39094700B96835 /* Base */ = {isa = PBXFileReference; lastKnownFileType = file.storyboard; name = Base; path = Base.lproj/LaunchScreen.storyboard; sourceTree = "<group>"; };
		D86B16091F39094700B96835 /* Info.plist */ = {isa = PBXFileReference; lastKnownFileType = text.plist.xml; path = Info.plist; sourceTree = "<group>"; };
		D86B16101F390ABF00B96835 /* PostListTableViewController.swift */ = {isa = PBXFileReference; fileEncoding = 4; lastKnownFileType = sourcecode.swift; path = PostListTableViewController.swift; sourceTree = "<group>"; };
		D86B16131F390B7100B96835 /* PostDetailTableViewController.swift */ = {isa = PBXFileReference; fileEncoding = 4; lastKnownFileType = sourcecode.swift; path = PostDetailTableViewController.swift; sourceTree = "<group>"; };
		D86B16151F390C1500B96835 /* AddPostTableViewController.swift */ = {isa = PBXFileReference; fileEncoding = 4; lastKnownFileType = sourcecode.swift; path = AddPostTableViewController.swift; sourceTree = "<group>"; };
		D86B16171F390C6100B96835 /* SearchResultsTableViewController.swift */ = {isa = PBXFileReference; fileEncoding = 4; lastKnownFileType = sourcecode.swift; path = SearchResultsTableViewController.swift; sourceTree = "<group>"; };
		D86B16191F390E8E00B96835 /* Post.swift */ = {isa = PBXFileReference; fileEncoding = 4; lastKnownFileType = sourcecode.swift; path = Post.swift; sourceTree = "<group>"; };
		D86B161B1F39103000B96835 /* Comment.swift */ = {isa = PBXFileReference; fileEncoding = 4; lastKnownFileType = sourcecode.swift; path = Comment.swift; sourceTree = "<group>"; };
		D86B161D1F39118500B96835 /* PostController.swift */ = {isa = PBXFileReference; fileEncoding = 4; lastKnownFileType = sourcecode.swift; path = PostController.swift; sourceTree = "<group>"; };
		D86B16201F391B1D00B96835 /* PostTableViewCell.swift */ = {isa = PBXFileReference; fileEncoding = 4; lastKnownFileType = sourcecode.swift; path = PostTableViewCell.swift; sourceTree = "<group>"; };
		D88943261F3AAF0300534896 /* PhotoSelectViewController.swift */ = {isa = PBXFileReference; fileEncoding = 4; lastKnownFileType = sourcecode.swift; path = PhotoSelectViewController.swift; sourceTree = "<group>"; };
/* End PBXFileReference section */

/* Begin PBXFrameworksBuildPhase section */
		D86B15F71F39094700B96835 /* Frameworks */ = {
			isa = PBXFrameworksBuildPhase;
			buildActionMask = 2147483647;
			files = (
			);
			runOnlyForDeploymentPostprocessing = 0;
		};
/* End PBXFrameworksBuildPhase section */

/* Begin PBXGroup section */
		D86B15F11F39094700B96835 = {
			isa = PBXGroup;
			children = (
				D86B15FC1F39094700B96835 /* Timeline */,
				D86B15FB1F39094700B96835 /* Products */,
			);
			sourceTree = "<group>";
		};
		D86B15FB1F39094700B96835 /* Products */ = {
			isa = PBXGroup;
			children = (
				D86B15FA1F39094700B96835 /* Timeline.app */,
			);
			name = Products;
			sourceTree = "<group>";
		};
		D86B15FC1F39094700B96835 /* Timeline */ = {
			isa = PBXGroup;
			children = (
				D86B15FD1F39094700B96835 /* AppDelegate.swift */,
				D86B161F1F39118A00B96835 /* Model */,
				D86B16121F390AC400B96835 /* UI */,
				D86B160F1F3909FA00B96835 /* Resources */,
			);
			path = Timeline;
			sourceTree = "<group>";
		};
		D86B160F1F3909FA00B96835 /* Resources */ = {
			isa = PBXGroup;
			children = (
				D86B16041F39094700B96835 /* Assets.xcassets */,
				D86B16061F39094700B96835 /* LaunchScreen.storyboard */,
				D86B16091F39094700B96835 /* Info.plist */,
			);
			name = Resources;
			sourceTree = "<group>";
		};
		D86B16121F390AC400B96835 /* UI */ = {
			isa = PBXGroup;
			children = (
				D86B16011F39094700B96835 /* Main.storyboard */,
				D88943231F3AAEB500534896 /* View Controllers */,
				D88943281F3AB0DE00534896 /* Views */,
			);
			name = UI;
			sourceTree = "<group>";
		};
		D86B161F1F39118A00B96835 /* Model */ = {
			isa = PBXGroup;
			children = (
				D86B16191F390E8E00B96835 /* Post.swift */,
				D83359D21F3A52E800F1CC83 /* SearchableRecord.swift */,
				D86B161D1F39118500B96835 /* PostController.swift */,
				D86B161B1F39103000B96835 /* Comment.swift */,
			);
			name = Model;
			sourceTree = "<group>";
		};
		D88943231F3AAEB500534896 /* View Controllers */ = {
			isa = PBXGroup;
			children = (
				D889432A1F3AB5B900534896 /* Main Page */,
				D889432B1F3AB5C200534896 /* Detail Page */,
				D88943291F3AB5B100534896 /* Add Post */,
				D889432C1F3AB5CB00534896 /* Search Results */,
			);
			name = "View Controllers";
			sourceTree = "<group>";
		};
		D88943281F3AB0DE00534896 /* Views */ = {
			isa = PBXGroup;
			children = (
				D86B16201F391B1D00B96835 /* PostTableViewCell.swift */,
			);
			name = Views;
			sourceTree = "<group>";
		};
		D88943291F3AB5B100534896 /* Add Post */ = {
			isa = PBXGroup;
			children = (
				D86B16151F390C1500B96835 /* AddPostTableViewController.swift */,
				D88943261F3AAF0300534896 /* PhotoSelectViewController.swift */,
			);
			name = "Add Post";
			sourceTree = "<group>";
		};
		D889432A1F3AB5B900534896 /* Main Page */ = {
			isa = PBXGroup;
			children = (
				D86B16101F390ABF00B96835 /* PostListTableViewController.swift */,
			);
			name = "Main Page";
			sourceTree = "<group>";
		};
		D889432B1F3AB5C200534896 /* Detail Page */ = {
			isa = PBXGroup;
			children = (
				D86B16131F390B7100B96835 /* PostDetailTableViewController.swift */,
			);
			name = "Detail Page";
			sourceTree = "<group>";
		};
		D889432C1F3AB5CB00534896 /* Search Results */ = {
			isa = PBXGroup;
			children = (
				D86B16171F390C6100B96835 /* SearchResultsTableViewController.swift */,
			);
			name = "Search Results";
			sourceTree = "<group>";
		};
/* End PBXGroup section */

/* Begin PBXNativeTarget section */
		D86B15F91F39094700B96835 /* Timeline */ = {
			isa = PBXNativeTarget;
			buildConfigurationList = D86B160C1F39094700B96835 /* Build configuration list for PBXNativeTarget "Timeline" */;
			buildPhases = (
				D86B15F61F39094700B96835 /* Sources */,
				D86B15F71F39094700B96835 /* Frameworks */,
				D86B15F81F39094700B96835 /* Resources */,
			);
			buildRules = (
			);
			dependencies = (
			);
			name = Timeline;
			productName = Timeline;
			productReference = D86B15FA1F39094700B96835 /* Timeline.app */;
			productType = "com.apple.product-type.application";
		};
/* End PBXNativeTarget section */

/* Begin PBXProject section */
		D86B15F21F39094700B96835 /* Project object */ = {
			isa = PBXProject;
			attributes = {
				LastSwiftUpdateCheck = 0830;
				LastUpgradeCheck = 0830;
				ORGANIZATIONNAME = "Joe Lucero";
				TargetAttributes = {
					D86B15F91F39094700B96835 = {
						CreatedOnToolsVersion = 8.3.3;
						DevelopmentTeam = 53BVAZ8K9G;
						ProvisioningStyle = Automatic;
					};
				};
			};
			buildConfigurationList = D86B15F51F39094700B96835 /* Build configuration list for PBXProject "Timeline" */;
			compatibilityVersion = "Xcode 3.2";
			developmentRegion = English;
			hasScannedForEncodings = 0;
			knownRegions = (
				en,
				Base,
			);
			mainGroup = D86B15F11F39094700B96835;
			productRefGroup = D86B15FB1F39094700B96835 /* Products */;
			projectDirPath = "";
			projectRoot = "";
			targets = (
				D86B15F91F39094700B96835 /* Timeline */,
			);
		};
/* End PBXProject section */

/* Begin PBXResourcesBuildPhase section */
		D86B15F81F39094700B96835 /* Resources */ = {
			isa = PBXResourcesBuildPhase;
			buildActionMask = 2147483647;
			files = (
				D86B16081F39094700B96835 /* LaunchScreen.storyboard in Resources */,
				D86B16051F39094700B96835 /* Assets.xcassets in Resources */,
				D86B16031F39094700B96835 /* Main.storyboard in Resources */,
			);
			runOnlyForDeploymentPostprocessing = 0;
		};
/* End PBXResourcesBuildPhase section */

/* Begin PBXSourcesBuildPhase section */
		D86B15F61F39094700B96835 /* Sources */ = {
			isa = PBXSourcesBuildPhase;
			buildActionMask = 2147483647;
			files = (
				D83359D31F3A52E800F1CC83 /* SearchableRecord.swift in Sources */,
				D86B15FE1F39094700B96835 /* AppDelegate.swift in Sources */,
				D86B161E1F39118500B96835 /* PostController.swift in Sources */,
				D86B16111F390ABF00B96835 /* PostListTableViewController.swift in Sources */,
				D86B16181F390C6100B96835 /* SearchResultsTableViewController.swift in Sources */,
				D86B161C1F39103000B96835 /* Comment.swift in Sources */,
				D88943271F3AAF0300534896 /* PhotoSelectViewController.swift in Sources */,
				D86B161A1F390E8E00B96835 /* Post.swift in Sources */,
				D86B16161F390C1500B96835 /* AddPostTableViewController.swift in Sources */,
				D86B16141F390B7100B96835 /* PostDetailTableViewController.swift in Sources */,
				D86B16211F391B1D00B96835 /* PostTableViewCell.swift in Sources */,
			);
			runOnlyForDeploymentPostprocessing = 0;
		};
/* End PBXSourcesBuildPhase section */

/* Begin PBXVariantGroup section */
		D86B16011F39094700B96835 /* Main.storyboard */ = {
			isa = PBXVariantGroup;
			children = (
				D86B16021F39094700B96835 /* Base */,
			);
			name = Main.storyboard;
			sourceTree = "<group>";
		};
		D86B16061F39094700B96835 /* LaunchScreen.storyboard */ = {
			isa = PBXVariantGroup;
			children = (
				D86B16071F39094700B96835 /* Base */,
			);
			name = LaunchScreen.storyboard;
			sourceTree = "<group>";
		};
/* End PBXVariantGroup section */

/* Begin XCBuildConfiguration section */
		D86B160A1F39094700B96835 /* Debug */ = {
			isa = XCBuildConfiguration;
			buildSettings = {
				ALWAYS_SEARCH_USER_PATHS = NO;
				CLANG_ANALYZER_NONNULL = YES;
				CLANG_ANALYZER_NUMBER_OBJECT_CONVERSION = YES_AGGRESSIVE;
				CLANG_CXX_LANGUAGE_STANDARD = "gnu++0x";
				CLANG_CXX_LIBRARY = "libc++";
				CLANG_ENABLE_MODULES = YES;
				CLANG_ENABLE_OBJC_ARC = YES;
				CLANG_WARN_BOOL_CONVERSION = YES;
				CLANG_WARN_CONSTANT_CONVERSION = YES;
				CLANG_WARN_DIRECT_OBJC_ISA_USAGE = YES_ERROR;
				CLANG_WARN_DOCUMENTATION_COMMENTS = YES;
				CLANG_WARN_EMPTY_BODY = YES;
				CLANG_WARN_ENUM_CONVERSION = YES;
				CLANG_WARN_INFINITE_RECURSION = YES;
				CLANG_WARN_INT_CONVERSION = YES;
				CLANG_WARN_OBJC_ROOT_CLASS = YES_ERROR;
				CLANG_WARN_SUSPICIOUS_MOVE = YES;
				CLANG_WARN_UNREACHABLE_CODE = YES;
				CLANG_WARN__DUPLICATE_METHOD_MATCH = YES;
				"CODE_SIGN_IDENTITY[sdk=iphoneos*]" = "iPhone Developer";
				COPY_PHASE_STRIP = NO;
				DEBUG_INFORMATION_FORMAT = dwarf;
				ENABLE_STRICT_OBJC_MSGSEND = YES;
				ENABLE_TESTABILITY = YES;
				GCC_C_LANGUAGE_STANDARD = gnu99;
				GCC_DYNAMIC_NO_PIC = NO;
				GCC_NO_COMMON_BLOCKS = YES;
				GCC_OPTIMIZATION_LEVEL = 0;
				GCC_PREPROCESSOR_DEFINITIONS = (
					"DEBUG=1",
					"$(inherited)",
				);
				GCC_WARN_64_TO_32_BIT_CONVERSION = YES;
				GCC_WARN_ABOUT_RETURN_TYPE = YES_ERROR;
				GCC_WARN_UNDECLARED_SELECTOR = YES;
				GCC_WARN_UNINITIALIZED_AUTOS = YES_AGGRESSIVE;
				GCC_WARN_UNUSED_FUNCTION = YES;
				GCC_WARN_UNUSED_VARIABLE = YES;
				IPHONEOS_DEPLOYMENT_TARGET = 10.3;
				MTL_ENABLE_DEBUG_INFO = YES;
				ONLY_ACTIVE_ARCH = YES;
				SDKROOT = iphoneos;
				SWIFT_ACTIVE_COMPILATION_CONDITIONS = DEBUG;
				SWIFT_OPTIMIZATION_LEVEL = "-Onone";
			};
			name = Debug;
		};
		D86B160B1F39094700B96835 /* Release */ = {
			isa = XCBuildConfiguration;
			buildSettings = {
				ALWAYS_SEARCH_USER_PATHS = NO;
				CLANG_ANALYZER_NONNULL = YES;
				CLANG_ANALYZER_NUMBER_OBJECT_CONVERSION = YES_AGGRESSIVE;
				CLANG_CXX_LANGUAGE_STANDARD = "gnu++0x";
				CLANG_CXX_LIBRARY = "libc++";
				CLANG_ENABLE_MODULES = YES;
				CLANG_ENABLE_OBJC_ARC = YES;
				CLANG_WARN_BOOL_CONVERSION = YES;
				CLANG_WARN_CONSTANT_CONVERSION = YES;
				CLANG_WARN_DIRECT_OBJC_ISA_USAGE = YES_ERROR;
				CLANG_WARN_DOCUMENTATION_COMMENTS = YES;
				CLANG_WARN_EMPTY_BODY = YES;
				CLANG_WARN_ENUM_CONVERSION = YES;
				CLANG_WARN_INFINITE_RECURSION = YES;
				CLANG_WARN_INT_CONVERSION = YES;
				CLANG_WARN_OBJC_ROOT_CLASS = YES_ERROR;
				CLANG_WARN_SUSPICIOUS_MOVE = YES;
				CLANG_WARN_UNREACHABLE_CODE = YES;
				CLANG_WARN__DUPLICATE_METHOD_MATCH = YES;
				"CODE_SIGN_IDENTITY[sdk=iphoneos*]" = "iPhone Developer";
				COPY_PHASE_STRIP = NO;
				DEBUG_INFORMATION_FORMAT = "dwarf-with-dsym";
				ENABLE_NS_ASSERTIONS = NO;
				ENABLE_STRICT_OBJC_MSGSEND = YES;
				GCC_C_LANGUAGE_STANDARD = gnu99;
				GCC_NO_COMMON_BLOCKS = YES;
				GCC_WARN_64_TO_32_BIT_CONVERSION = YES;
				GCC_WARN_ABOUT_RETURN_TYPE = YES_ERROR;
				GCC_WARN_UNDECLARED_SELECTOR = YES;
				GCC_WARN_UNINITIALIZED_AUTOS = YES_AGGRESSIVE;
				GCC_WARN_UNUSED_FUNCTION = YES;
				GCC_WARN_UNUSED_VARIABLE = YES;
				IPHONEOS_DEPLOYMENT_TARGET = 10.3;
				MTL_ENABLE_DEBUG_INFO = NO;
				SDKROOT = iphoneos;
				SWIFT_OPTIMIZATION_LEVEL = "-Owholemodule";
				VALIDATE_PRODUCT = YES;
			};
			name = Release;
		};
		D86B160D1F39094700B96835 /* Debug */ = {
			isa = XCBuildConfiguration;
			buildSettings = {
				ASSETCATALOG_COMPILER_APPICON_NAME = AppIcon;
				DEVELOPMENT_TEAM = 53BVAZ8K9G;
				INFOPLIST_FILE = Timeline/Info.plist;
				LD_RUNPATH_SEARCH_PATHS = "$(inherited) @executable_path/Frameworks";
				PRODUCT_BUNDLE_IDENTIFIER = com.iOSDevelopr.Timeline;
				PRODUCT_NAME = "$(TARGET_NAME)";
				SWIFT_VERSION = 3.0;
			};
			name = Debug;
		};
		D86B160E1F39094700B96835 /* Release */ = {
			isa = XCBuildConfiguration;
			buildSettings = {
				ASSETCATALOG_COMPILER_APPICON_NAME = AppIcon;
				DEVELOPMENT_TEAM = 53BVAZ8K9G;
				INFOPLIST_FILE = Timeline/Info.plist;
				LD_RUNPATH_SEARCH_PATHS = "$(inherited) @executable_path/Frameworks";
				PRODUCT_BUNDLE_IDENTIFIER = com.iOSDevelopr.Timeline;
				PRODUCT_NAME = "$(TARGET_NAME)";
				SWIFT_VERSION = 3.0;
			};
			name = Release;
		};
/* End XCBuildConfiguration section */

/* Begin XCConfigurationList section */
		D86B15F51F39094700B96835 /* Build configuration list for PBXProject "Timeline" */ = {
			isa = XCConfigurationList;
			buildConfigurations = (
				D86B160A1F39094700B96835 /* Debug */,
				D86B160B1F39094700B96835 /* Release */,
			);
			defaultConfigurationIsVisible = 0;
			defaultConfigurationName = Release;
		};
		D86B160C1F39094700B96835 /* Build configuration list for PBXNativeTarget "Timeline" */ = {
			isa = XCConfigurationList;
			buildConfigurations = (
				D86B160D1F39094700B96835 /* Debug */,
				D86B160E1F39094700B96835 /* Release */,
			);
			defaultConfigurationIsVisible = 0;
			defaultConfigurationName = Release;
		};
/* End XCConfigurationList section */
	};
	rootObject = D86B15F21F39094700B96835 /* Project object */;
}
